{
  "name": "battle-royale-game(GTP)",
  "version": "1.0.0",
  "description": "An exciting 2D battle royale game where you play as a lone hero fighting against waves of enemies.",
  "author": "Shiboshree Roy",
  "Dev": "Shiboshree Roy",
  "license": "MIT",
  "repository": {
    "type": "git",
    "url": "https://github.com/ShiboshreeRoy/Battle-Royale-Game-GTP-.git"
  },
  "keywords": [
    "game",
    "battle royale",
    "javascript",
    "css3",
    "2D"
  ],
  "devDependencies": {
    "none": true
  },
  "scripts": {
    "start": "open index.html", 
    "build": "echo 'Build process is not yet configured'"
  },
  "dependencies": {},
  "lockfileVersion": 3,
  "requires": true
}
